// !$*UTF8*$!
{
	archiveVersion = 1;
	classes = {
	};
	objectVersion = 46;
	objects = {

/* Begin PBXBuildFile section */
		A338A01A1EB35D2B00771F48 /* AppDelegate.swift in Sources */ = {isa = PBXBuildFile; fileRef = A338A0191EB35D2B00771F48 /* AppDelegate.swift */; };
		A338A01C1EB35D2B00771F48 /* ViewController.swift in Sources */ = {isa = PBXBuildFile; fileRef = A338A01B1EB35D2B00771F48 /* ViewController.swift */; };
		A338A01F1EB35D2B00771F48 /* Main.storyboard in Resources */ = {isa = PBXBuildFile; fileRef = A338A01D1EB35D2B00771F48 /* Main.storyboard */; };
		A338A0211EB35D2B00771F48 /* Assets.xcassets in Resources */ = {isa = PBXBuildFile; fileRef = A338A0201EB35D2B00771F48 /* Assets.xcassets */; };
		A338A0241EB35D2B00771F48 /* LaunchScreen.storyboard in Resources */ = {isa = PBXBuildFile; fileRef = A338A0221EB35D2B00771F48 /* LaunchScreen.storyboard */; };
/* End PBXBuildFile section */

/* Begin PBXFileReference section */
		A338A0161EB35D2B00771F48 /* keisoku.app */ = {isa = PBXFileReference; explicitFileType = wrapper.application; includeInIndex = 0; path = keisoku.app; sourceTree = BUILT_PRODUCTS_DIR; };
		A338A0191EB35D2B00771F48 /* AppDelegate.swift */ = {isa = PBXFileReference; lastKnownFileType = sourcecode.swift; path = AppDelegate.swift; sourceTree = "<group>"; };
		A338A01B1EB35D2B00771F48 /* ViewController.swift */ = {isa = PBXFileReference; lastKnownFileType = sourcecode.swift; path = ViewController.swift; sourceTree = "<group>"; };
		A338A01E1EB35D2B00771F48 /* Base */ = {isa = PBXFileReference; lastKnownFileType = file.storyboard; name = Base; path = Base.lproj/Main.storyboard; sourceTree = "<group>"; };
		A338A0201EB35D2B00771F48 /* Assets.xcassets */ = {isa = PBXFileReference; lastKnownFileType = folder.assetcatalog; path = Assets.xcassets; sourceTree = "<group>"; };
		A338A0231EB35D2B00771F48 /* Base */ = {isa = PBXFileReference; lastKnownFileType = file.storyboard; name = Base; path = Base.lproj/LaunchScreen.storyboard; sourceTree = "<group>"; };
		A338A0251EB35D2B00771F48 /* Info.plist */ = {isa = PBXFileReference; lastKnownFileType = text.plist.xml; path = Info.plist; sourceTree = "<group>"; };
/* End PBXFileReference section */

/* Begin PBXFrameworksBuildPhase section */
		A338A0131EB35D2B00771F48 /* Frameworks */ = {
			isa = PBXFrameworksBuildPhase;
			buildActionMask = 2147483647;
			files = (
			);
			runOnlyForDeploymentPostprocessing = 0;
		};
/* End PBXFrameworksBuildPhase section */

/* Begin PBXGroup section */
		A338A00D1EB35D2A00771F48 = {
			isa = PBXGroup;
			children = (
				A338A0181EB35D2B00771F48 /* keisoku */,
				A338A0171EB35D2B00771F48 /* Products */,
			);
			sourceTree = "<group>";
		};
		A338A0171EB35D2B00771F48 /* Products */ = {
			isa = PBXGroup;
			children = (
				A338A0161EB35D2B00771F48 /* keisoku.app */,
			);
			name = Products;
			sourceTree = "<group>";
		};
		A338A0181EB35D2B00771F48 /* keisoku */ = {
			isa = PBXGroup;
			children = (
				A338A0191EB35D2B00771F48 /* AppDelegate.swift */,
				A338A01B1EB35D2B00771F48 /* ViewController.swift */,
				A338A01D1EB35D2B00771F48 /* Main.storyboard */,
				A338A0201EB35D2B00771F48 /* Assets.xcassets */,
				A338A0221EB35D2B00771F48 /* LaunchScreen.storyboard */,
				A338A0251EB35D2B00771F48 /* Info.plist */,
			);
			path = keisoku;
			sourceTree = "<group>";
		};
/* End PBXGroup section */

/* Begin PBXNativeTarget section */
		A338A0151EB35D2B00771F48 /* keisoku */ = {
			isa = PBXNativeTarget;
			buildConfigurationList = A338A0281EB35D2B00771F48 /* Build configuration list for PBXNativeTarget "keisoku" */;
			buildPhases = (
				A338A0121EB35D2B00771F48 /* Sources */,
				A338A0131EB35D2B00771F48 /* Frameworks */,
				A338A0141EB35D2B00771F48 /* Resources */,
			);
			buildRules = (
			);
			dependencies = (
			);
			name = keisoku;
			productName = keisoku;
			productReference = A338A0161EB35D2B00771F48 /* keisoku.app */;
			productType = "com.apple.product-type.application";
		};
/* End PBXNativeTarget section */

/* Begin PBXProject section */
		A338A00E1EB35D2A00771F48 /* Project object */ = {
			isa = PBXProject;
			attributes = {
				LastSwiftUpdateCheck = 0830;
				LastUpgradeCheck = 0830;
				ORGANIZATIONNAME = "小島光平";
				TargetAttributes = {
					A338A0151EB35D2B00771F48 = {
						CreatedOnToolsVersion = 8.3.2;
						DevelopmentTeam = PLRTA5B4ZM;
						ProvisioningStyle = Automatic;
					};
				};
			};
			buildConfigurationList = A338A0111EB35D2A00771F48 /* Build configuration list for PBXProject "keisoku" */;
			compatibilityVersion = "Xcode 3.2";
			developmentRegion = English;
			hasScannedForEncodings = 0;
			knownRegions = (
				en,
				Base,
			);
			mainGroup = A338A00D1EB35D2A00771F48;
			productRefGroup = A338A0171EB35D2B00771F48 /* Products */;
			projectDirPath = "";
			projectRoot = "";
			targets = (
				A338A0151EB35D2B00771F48 /* keisoku */,
			);
		};
/* End PBXProject section */

/* Begin PBXResourcesBuildPhase section */
		A338A0141EB35D2B00771F48 /* Resources */ = {
			isa = PBXResourcesBuildPhase;
			buildActionMask = 2147483647;
			files = (
				A338A0241EB35D2B00771F48 /* LaunchScreen.storyboard in Resources */,
				A338A0211EB35D2B00771F48 /* Assets.xcassets in Resources */,
				A338A01F1EB35D2B00771F48 /* Main.storyboard in Resources */,
			);
			runOnlyForDeploymentPostprocessing = 0;
		};
/* End PBXResourcesBuildPhase section */

/* Begin PBXSourcesBuildPhase section */
		A338A0121EB35D2B00771F48 /* Sources */ = {
			isa = PBXSourcesBuildPhase;
			buildActionMask = 2147483647;
			files = (
				A338A01C1EB35D2B00771F48 /* ViewController.swift in Sources */,
				A338A01A1EB35D2B00771F48 /* AppDelegate.swift in Sources */,
			);
			runOnlyForDeploymentPostprocessing = 0;
		};
/* End PBXSourcesBuildPhase section */

/* Begin PBXVariantGroup section */
		A338A01D1EB35D2B00771F48 /* Main.storyboard */ = {
			isa = PBXVariantGroup;
			children = (
				A338A01E1EB35D2B00771F48 /* Base */,
			);
			name = Main.storyboard;
			sourceTree = "<group>";
		};
		A338A0221EB35D2B00771F48 /* LaunchScreen.storyboard */ = {
			isa = PBXVariantGroup;
			children = (
				A338A0231EB35D2B00771F48 /* Base */,
			);
			name = LaunchScreen.storyboard;
			sourceTree = "<group>";
		};
/* End PBXVariantGroup section */

/* Begin XCBuildConfiguration section */
		A338A0261EB35D2B00771F48 /* Debug */ = {
			isa = XCBuildConfiguration;
			buildSettings = {
				ALWAYS_SEARCH_USER_PATHS = NO;
				CLANG_ANALYZER_NONNULL = YES;
				CLANG_ANALYZER_NUMBER_OBJECT_CONVERSION = YES_AGGRESSIVE;
				CLANG_CXX_LANGUAGE_STANDARD = "gnu++0x";
				CLANG_CXX_LIBRARY = "libc++";
				CLANG_ENABLE_MODULES = YES;
				CLANG_ENABLE_OBJC_ARC = YES;
				CLANG_WARN_BOOL_CONVERSION = YES;
				CLANG_WARN_CONSTANT_CONVERSION = YES;
				CLANG_WARN_DIRECT_OBJC_ISA_USAGE = YES_ERROR;
				CLANG_WARN_DOCUMENTATION_COMMENTS = YES;
				CLANG_WARN_EMPTY_BODY = YES;
				CLANG_WARN_ENUM_CONVERSION = YES;
				CLANG_WARN_INFINITE_RECURSION = YES;
				CLANG_WARN_INT_CONVERSION = YES;
				CLANG_WARN_OBJC_ROOT_CLASS = YES_ERROR;
				CLANG_WARN_SUSPICIOUS_MOVE = YES;
				CLANG_WARN_UNREACHABLE_CODE = YES;
				CLANG_WARN__DUPLICATE_METHOD_MATCH = YES;
				"CODE_SIGN_IDENTITY[sdk=iphoneos*]" = "iPhone Developer";
				COPY_PHASE_STRIP = NO;
				DEBUG_INFORMATION_FORMAT = dwarf;
				ENABLE_STRICT_OBJC_MSGSEND = YES;
				ENABLE_TESTABILITY = YES;
				GCC_C_LANGUAGE_STANDARD = gnu99;
				GCC_DYNAMIC_NO_PIC = NO;
				GCC_NO_COMMON_BLOCKS = YES;
				GCC_OPTIMIZATION_LEVEL = 0;
				GCC_PREPROCESSOR_DEFINITIONS = (
					"DEBUG=1",
					"$(inherited)",
				);
				GCC_WARN_64_TO_32_BIT_CONVERSION = YES;
				GCC_WARN_ABOUT_RETURN_TYPE = YES_ERROR;
				GCC_WARN_UNDECLARED_SELECTOR = YES;
				GCC_WARN_UNINITIALIZED_AUTOS = YES_AGGRESSIVE;
				GCC_WARN_UNUSED_FUNCTION = YES;
				GCC_WARN_UNUSED_VARIABLE = YES;
				IPHONEOS_DEPLOYMENT_TARGET = 10.3;
				MTL_ENABLE_DEBUG_INFO = YES;
				ONLY_ACTIVE_ARCH = YES;
				SDKROOT = iphoneos;
				SWIFT_ACTIVE_COMPILATION_CONDITIONS = DEBUG;
				SWIFT_OPTIMIZATION_LEVEL = "-Onone";
			};
			name = Debug;
		};
		A338A0271EB35D2B00771F48 /* Release */ = {
			isa = XCBuildConfiguration;
			buildSettings = {
				ALWAYS_SEARCH_USER_PATHS = NO;
				CLANG_ANALYZER_NONNULL = YES;
				CLANG_ANALYZER_NUMBER_OBJECT_CONVERSION = YES_AGGRESSIVE;
				CLANG_CXX_LANGUAGE_STANDARD = "gnu++0x";
				CLANG_CXX_LIBRARY = "libc++";
				CLANG_ENABLE_MODULES = YES;
				CLANG_ENABLE_OBJC_ARC = YES;
				CLANG_WARN_BOOL_CONVERSION = YES;
				CLANG_WARN_CONSTANT_CONVERSION = YES;
				CLANG_WARN_DIRECT_OBJC_ISA_USAGE = YES_ERROR;
				CLANG_WARN_DOCUMENTATION_COMMENTS = YES;
				CLANG_WARN_EMPTY_BODY = YES;
				CLANG_WARN_ENUM_CONVERSION = YES;
				CLANG_WARN_INFINITE_RECURSION = YES;
				CLANG_WARN_INT_CONVERSION = YES;
				CLANG_WARN_OBJC_ROOT_CLASS = YES_ERROR;
				CLANG_WARN_SUSPICIOUS_MOVE = YES;
				CLANG_WARN_UNREACHABLE_CODE = YES;
				CLANG_WARN__DUPLICATE_METHOD_MATCH = YES;
				"CODE_SIGN_IDENTITY[sdk=iphoneos*]" = "iPhone Developer";
				COPY_PHASE_STRIP = NO;
				DEBUG_INFORMATION_FORMAT = "dwarf-with-dsym";
				ENABLE_NS_ASSERTIONS = NO;
				ENABLE_STRICT_OBJC_MSGSEND = YES;
				GCC_C_LANGUAGE_STANDARD = gnu99;
				GCC_NO_COMMON_BLOCKS = YES;
				GCC_WARN_64_TO_32_BIT_CONVERSION = YES;
				GCC_WARN_ABOUT_RETURN_TYPE = YES_ERROR;
				GCC_WARN_UNDECLARED_SELECTOR = YES;
				GCC_WARN_UNINITIALIZED_AUTOS = YES_AGGRESSIVE;
				GCC_WARN_UNUSED_FUNCTION = YES;
				GCC_WARN_UNUSED_VARIABLE = YES;
				IPHONEOS_DEPLOYMENT_TARGET = 10.3;
				MTL_ENABLE_DEBUG_INFO = NO;
				SDKROOT = iphoneos;
				SWIFT_OPTIMIZATION_LEVEL = "-Owholemodule";
				VALIDATE_PRODUCT = YES;
			};
			name = Release;
		};
		A338A0291EB35D2B00771F48 /* Debug */ = {
			isa = XCBuildConfiguration;
			buildSettings = {
				ASSETCATALOG_COMPILER_APPICON_NAME = AppIcon;
				DEVELOPMENT_TEAM = PLRTA5B4ZM;
				INFOPLIST_FILE = keisoku/Info.plist;
				LD_RUNPATH_SEARCH_PATHS = "$(inherited) @executable_path/Frameworks";
				PRODUCT_BUNDLE_IDENTIFIER = com.litech.keisoku;
				PRODUCT_NAME = "$(TARGET_NAME)";
				SWIFT_VERSION = 3.0;
			};
			name = Debug;
		};
		A338A02A1EB35D2B00771F48 /* Release */ = {
			isa = XCBuildConfiguration;
			buildSettings = {
				ASSETCATALOG_COMPILER_APPICON_NAME = AppIcon;
				DEVELOPMENT_TEAM = PLRTA5B4ZM;
				INFOPLIST_FILE = keisoku/Info.plist;
				LD_RUNPATH_SEARCH_PATHS = "$(inherited) @executable_path/Frameworks";
				PRODUCT_BUNDLE_IDENTIFIER = com.litech.keisoku;
				PRODUCT_NAME = "$(TARGET_NAME)";
				SWIFT_VERSION = 3.0;
			};
			name = Release;
		};
/* End XCBuildConfiguration section */

/* Begin XCConfigurationList section */
		A338A0111EB35D2A00771F48 /* Build configuration list for PBXProject "keisoku" */ = {
			isa = XCConfigurationList;
			buildConfigurations = (
				A338A0261EB35D2B00771F48 /* Debug */,
				A338A0271EB35D2B00771F48 /* Release */,
			);
			defaultConfigurationIsVisible = 0;
			defaultConfigurationName = Release;
		};
		A338A0281EB35D2B00771F48 /* Build configuration list for PBXNativeTarget "keisoku" */ = {
			isa = XCConfigurationList;
			buildConfigurations = (
				A338A0291EB35D2B00771F48 /* Debug */,
				A338A02A1EB35D2B00771F48 /* Release */,
			);
			defaultConfigurationIsVisible = 0;
		};
/* End XCConfigurationList section */
	};
	rootObject = A338A00E1EB35D2A00771F48 /* Project object */;
}
