// !$*UTF8*$!
{
	archiveVersion = 1;
	classes = {
	};
	objectVersion = 46;
	objects = {

/* Begin PBXBuildFile section */
		98946468AAFC6C23543E35ED /* Pods_keisoku.framework in Frameworks */ = {isa = PBXBuildFile; fileRef = 3E57D0DC204C021E58FA1955 /* Pods_keisoku.framework */; };
		A338A01A1EB35D2B00771F48 /* AppDelegate.swift in Sources */ = {isa = PBXBuildFile; fileRef = A338A0191EB35D2B00771F48 /* AppDelegate.swift */; };
		A338A01C1EB35D2B00771F48 /* ViewController.swift in Sources */ = {isa = PBXBuildFile; fileRef = A338A01B1EB35D2B00771F48 /* ViewController.swift */; };
		A338A01F1EB35D2B00771F48 /* Main.storyboard in Resources */ = {isa = PBXBuildFile; fileRef = A338A01D1EB35D2B00771F48 /* Main.storyboard */; };
		A338A0211EB35D2B00771F48 /* Assets.xcassets in Resources */ = {isa = PBXBuildFile; fileRef = A338A0201EB35D2B00771F48 /* Assets.xcassets */; };
		A338A0241EB35D2B00771F48 /* LaunchScreen.storyboard in Resources */ = {isa = PBXBuildFile; fileRef = A338A0221EB35D2B00771F48 /* LaunchScreen.storyboard */; };
		A338A0301EB386A900771F48 /* p0308_m.jpg in Resources */ = {isa = PBXBuildFile; fileRef = A338A02F1EB386A900771F48 /* p0308_m.jpg */; };
		A338A0321EB38B4900771F48 /* StartViewController.swift in Sources */ = {isa = PBXBuildFile; fileRef = A338A0311EB38B4900771F48 /* StartViewController.swift */; };
		A338A0341EB456DC00771F48 /* CameraViewController.swift in Sources */ = {isa = PBXBuildFile; fileRef = A338A0331EB456DC00771F48 /* CameraViewController.swift */; };
		A338A0361EB45DBB00771F48 /* bunndoki.png in Resources */ = {isa = PBXBuildFile; fileRef = A338A0351EB45DBB00771F48 /* bunndoki.png */; };
		A37298301EBF06F00019D44C /* DeviceInformation.swift in Sources */ = {isa = PBXBuildFile; fileRef = A372982F1EBF06F00019D44C /* DeviceInformation.swift */; };
		A372986A1EC6A5C60019D44C /* TrueScale.framework in Frameworks */ = {isa = PBXBuildFile; fileRef = A37298691EC6A5C60019D44C /* TrueScale.framework */; };
/* End PBXBuildFile section */

/* Begin PBXFileReference section */
		3E57D0DC204C021E58FA1955 /* Pods_keisoku.framework */ = {isa = PBXFileReference; explicitFileType = wrapper.framework; includeInIndex = 0; path = Pods_keisoku.framework; sourceTree = BUILT_PRODUCTS_DIR; };
		A338A0161EB35D2B00771F48 /* keisoku.app */ = {isa = PBXFileReference; explicitFileType = wrapper.application; includeInIndex = 0; path = keisoku.app; sourceTree = BUILT_PRODUCTS_DIR; };
		A338A0191EB35D2B00771F48 /* AppDelegate.swift */ = {isa = PBXFileReference; lastKnownFileType = sourcecode.swift; path = AppDelegate.swift; sourceTree = "<group>"; };
		A338A01B1EB35D2B00771F48 /* ViewController.swift */ = {isa = PBXFileReference; lastKnownFileType = sourcecode.swift; path = ViewController.swift; sourceTree = "<group>"; };
		A338A01E1EB35D2B00771F48 /* Base */ = {isa = PBXFileReference; lastKnownFileType = file.storyboard; name = Base; path = Base.lproj/Main.storyboard; sourceTree = "<group>"; };
		A338A0201EB35D2B00771F48 /* Assets.xcassets */ = {isa = PBXFileReference; lastKnownFileType = folder.assetcatalog; path = Assets.xcassets; sourceTree = "<group>"; };
		A338A0231EB35D2B00771F48 /* Base */ = {isa = PBXFileReference; lastKnownFileType = file.storyboard; name = Base; path = Base.lproj/LaunchScreen.storyboard; sourceTree = "<group>"; };
		A338A0251EB35D2B00771F48 /* Info.plist */ = {isa = PBXFileReference; lastKnownFileType = text.plist.xml; path = Info.plist; sourceTree = "<group>"; };
		A338A02F1EB386A900771F48 /* p0308_m.jpg */ = {isa = PBXFileReference; lastKnownFileType = image.jpeg; path = p0308_m.jpg; sourceTree = "<group>"; };
		A338A0311EB38B4900771F48 /* StartViewController.swift */ = {isa = PBXFileReference; fileEncoding = 4; lastKnownFileType = sourcecode.swift; path = StartViewController.swift; sourceTree = "<group>"; };
		A338A0331EB456DC00771F48 /* CameraViewController.swift */ = {isa = PBXFileReference; fileEncoding = 4; lastKnownFileType = sourcecode.swift; path = CameraViewController.swift; sourceTree = "<group>"; };
		A338A0351EB45DBB00771F48 /* bunndoki.png */ = {isa = PBXFileReference; lastKnownFileType = image.png; path = bunndoki.png; sourceTree = "<group>"; };
		A372982F1EBF06F00019D44C /* DeviceInformation.swift */ = {isa = PBXFileReference; fileEncoding = 4; lastKnownFileType = sourcecode.swift; path = DeviceInformation.swift; sourceTree = "<group>"; };
		A37298691EC6A5C60019D44C /* TrueScale.framework */ = {isa = PBXFileReference; lastKnownFileType = wrapper.framework; name = TrueScale.framework; path = "../../../Library/Developer/Xcode/DerivedData/keisoku-gvmowhlegdpfucgoaylzigummaov/Build/Products/Debug-iphonesimulator/TrueScale/TrueScale.framework"; sourceTree = "<group>"; };
		B3FC4BDB439D7988707B5363 /* Pods-keisoku.release.xcconfig */ = {isa = PBXFileReference; includeInIndex = 1; lastKnownFileType = text.xcconfig; name = "Pods-keisoku.release.xcconfig"; path = "Pods/Target Support Files/Pods-keisoku/Pods-keisoku.release.xcconfig"; sourceTree = "<group>"; };
		BFE749F69C28B99484D6CF46 /* Pods-keisoku.debug.xcconfig */ = {isa = PBXFileReference; includeInIndex = 1; lastKnownFileType = text.xcconfig; name = "Pods-keisoku.debug.xcconfig"; path = "Pods/Target Support Files/Pods-keisoku/Pods-keisoku.debug.xcconfig"; sourceTree = "<group>"; };
/* End PBXFileReference section */

/* Begin PBXFrameworksBuildPhase section */
		A338A0131EB35D2B00771F48 /* Frameworks */ = {
			isa = PBXFrameworksBuildPhase;
			buildActionMask = 2147483647;
			files = (
				A372986A1EC6A5C60019D44C /* TrueScale.framework in Frameworks */,
				98946468AAFC6C23543E35ED /* Pods_keisoku.framework in Frameworks */,
			);
			runOnlyForDeploymentPostprocessing = 0;
		};
/* End PBXFrameworksBuildPhase section */

/* Begin PBXGroup section */
		971A999C9B1FE2CE71D12F3B /* Pods */ = {
			isa = PBXGroup;
			children = (
				BFE749F69C28B99484D6CF46 /* Pods-keisoku.debug.xcconfig */,
				B3FC4BDB439D7988707B5363 /* Pods-keisoku.release.xcconfig */,
			);
			name = Pods;
			sourceTree = "<group>";
		};
		A338A00D1EB35D2A00771F48 = {
			isa = PBXGroup;
			children = (
				A338A0181EB35D2B00771F48 /* keisoku */,
				A338A0171EB35D2B00771F48 /* Products */,
				971A999C9B1FE2CE71D12F3B /* Pods */,
				C5D3F65C41FCDCDE848444C7 /* Frameworks */,
			);
			sourceTree = "<group>";
		};
		A338A0171EB35D2B00771F48 /* Products */ = {
			isa = PBXGroup;
			children = (
				A338A0161EB35D2B00771F48 /* keisoku.app */,
			);
			name = Products;
			sourceTree = "<group>";
		};
		A338A0181EB35D2B00771F48 /* keisoku */ = {
			isa = PBXGroup;
			children = (
				A338A0191EB35D2B00771F48 /* AppDelegate.swift */,
				A338A01B1EB35D2B00771F48 /* ViewController.swift */,
				A338A01D1EB35D2B00771F48 /* Main.storyboard */,
				A338A0331EB456DC00771F48 /* CameraViewController.swift */,
				A338A0311EB38B4900771F48 /* StartViewController.swift */,
				A338A0201EB35D2B00771F48 /* Assets.xcassets */,
				A338A0221EB35D2B00771F48 /* LaunchScreen.storyboard */,
				A338A0251EB35D2B00771F48 /* Info.plist */,
				A338A0351EB45DBB00771F48 /* bunndoki.png */,
				A338A02F1EB386A900771F48 /* p0308_m.jpg */,
				A372982F1EBF06F00019D44C /* DeviceInformation.swift */,
			);
			path = keisoku;
			sourceTree = "<group>";
		};
		C5D3F65C41FCDCDE848444C7 /* Frameworks */ = {
			isa = PBXGroup;
			children = (
				A37298691EC6A5C60019D44C /* TrueScale.framework */,
				3E57D0DC204C021E58FA1955 /* Pods_keisoku.framework */,
			);
			name = Frameworks;
			sourceTree = "<group>";
		};
/* End PBXGroup section */

/* Begin PBXNativeTarget section */
		A338A0151EB35D2B00771F48 /* keisoku */ = {
			isa = PBXNativeTarget;
			buildConfigurationList = A338A0281EB35D2B00771F48 /* Build configuration list for PBXNativeTarget "keisoku" */;
			buildPhases = (
				B33CEFBC8A421FFF1949B1CF /* [CP] Check Pods Manifest.lock */,
				A338A0121EB35D2B00771F48 /* Sources */,
				A338A0131EB35D2B00771F48 /* Frameworks */,
				A338A0141EB35D2B00771F48 /* Resources */,
				34A2BB49285D61A7972C30B2 /* [CP] Embed Pods Frameworks */,
				D4028C5DA01400D1AF870F27 /* [CP] Copy Pods Resources */,
			);
			buildRules = (
			);
			dependencies = (
			);
			name = keisoku;
			productName = keisoku;
			productReference = A338A0161EB35D2B00771F48 /* keisoku.app */;
			productType = "com.apple.product-type.application";
		};
/* End PBXNativeTarget section */

/* Begin PBXProject section */
		A338A00E1EB35D2A00771F48 /* Project object */ = {
			isa = PBXProject;
			attributes = {
				LastSwiftUpdateCheck = 0830;
				LastUpgradeCheck = 0830;
				ORGANIZATIONNAME = "小島光平";
				TargetAttributes = {
					A338A0151EB35D2B00771F48 = {
						CreatedOnToolsVersion = 8.3.2;
						DevelopmentTeam = PLRTA5B4ZM;
						ProvisioningStyle = Automatic;
					};
				};
			};
			buildConfigurationList = A338A0111EB35D2A00771F48 /* Build configuration list for PBXProject "keisoku" */;
			compatibilityVersion = "Xcode 3.2";
			developmentRegion = English;
			hasScannedForEncodings = 0;
			knownRegions = (
				en,
				Base,
			);
			mainGroup = A338A00D1EB35D2A00771F48;
			productRefGroup = A338A0171EB35D2B00771F48 /* Products */;
			projectDirPath = "";
			projectRoot = "";
			targets = (
				A338A0151EB35D2B00771F48 /* keisoku */,
			);
		};
/* End PBXProject section */

/* Begin PBXResourcesBuildPhase section */
		A338A0141EB35D2B00771F48 /* Resources */ = {
			isa = PBXResourcesBuildPhase;
			buildActionMask = 2147483647;
			files = (
				A338A0241EB35D2B00771F48 /* LaunchScreen.storyboard in Resources */,
				A338A0211EB35D2B00771F48 /* Assets.xcassets in Resources */,
				A338A0301EB386A900771F48 /* p0308_m.jpg in Resources */,
				A338A01F1EB35D2B00771F48 /* Main.storyboard in Resources */,
				A338A0361EB45DBB00771F48 /* bunndoki.png in Resources */,
			);
			runOnlyForDeploymentPostprocessing = 0;
		};
/* End PBXResourcesBuildPhase section */

/* Begin PBXShellScriptBuildPhase section */
		34A2BB49285D61A7972C30B2 /* [CP] Embed Pods Frameworks */ = {
			isa = PBXShellScriptBuildPhase;
			buildActionMask = 2147483647;
			files = (
			);
			inputPaths = (
			);
			name = "[CP] Embed Pods Frameworks";
			outputPaths = (
			);
			runOnlyForDeploymentPostprocessing = 0;
			shellPath = /bin/sh;
			shellScript = "\"${SRCROOT}/Pods/Target Support Files/Pods-keisoku/Pods-keisoku-frameworks.sh\"\n";
			showEnvVarsInLog = 0;
		};
		B33CEFBC8A421FFF1949B1CF /* [CP] Check Pods Manifest.lock */ = {
			isa = PBXShellScriptBuildPhase;
			buildActionMask = 2147483647;
			files = (
			);
			inputPaths = (
			);
			name = "[CP] Check Pods Manifest.lock";
			outputPaths = (
			);
			runOnlyForDeploymentPostprocessing = 0;
			shellPath = /bin/sh;
			shellScript = "diff \"${PODS_PODFILE_DIR_PATH}/Podfile.lock\" \"${PODS_ROOT}/Manifest.lock\" > /dev/null\nif [ $? != 0 ] ; then\n    # print error to STDERR\n    echo \"error: The sandbox is not in sync with the Podfile.lock. Run 'pod install' or update your CocoaPods installation.\" >&2\n    exit 1\nfi\n";
			showEnvVarsInLog = 0;
		};
		D4028C5DA01400D1AF870F27 /* [CP] Copy Pods Resources */ = {
			isa = PBXShellScriptBuildPhase;
			buildActionMask = 2147483647;
			files = (
			);
			inputPaths = (
			);
			name = "[CP] Copy Pods Resources";
			outputPaths = (
			);
			runOnlyForDeploymentPostprocessing = 0;
			shellPath = /bin/sh;
			shellScript = "\"${SRCROOT}/Pods/Target Support Files/Pods-keisoku/Pods-keisoku-resources.sh\"\n";
			showEnvVarsInLog = 0;
		};
/* End PBXShellScriptBuildPhase section */

/* Begin PBXSourcesBuildPhase section */
		A338A0121EB35D2B00771F48 /* Sources */ = {
			isa = PBXSourcesBuildPhase;
			buildActionMask = 2147483647;
			files = (
				A338A01C1EB35D2B00771F48 /* ViewController.swift in Sources */,
				A37298301EBF06F00019D44C /* DeviceInformation.swift in Sources */,
				A338A0341EB456DC00771F48 /* CameraViewController.swift in Sources */,
				A338A01A1EB35D2B00771F48 /* AppDelegate.swift in Sources */,
				A338A0321EB38B4900771F48 /* StartViewController.swift in Sources */,
			);
			runOnlyForDeploymentPostprocessing = 0;
		};
/* End PBXSourcesBuildPhase section */

/* Begin PBXVariantGroup section */
		A338A01D1EB35D2B00771F48 /* Main.storyboard */ = {
			isa = PBXVariantGroup;
			children = (
				A338A01E1EB35D2B00771F48 /* Base */,
			);
			name = Main.storyboard;
			sourceTree = "<group>";
		};
		A338A0221EB35D2B00771F48 /* LaunchScreen.storyboard */ = {
			isa = PBXVariantGroup;
			children = (
				A338A0231EB35D2B00771F48 /* Base */,
			);
			name = LaunchScreen.storyboard;
			sourceTree = "<group>";
		};
/* End PBXVariantGroup section */

/* Begin XCBuildConfiguration section */
		A338A0261EB35D2B00771F48 /* Debug */ = {
			isa = XCBuildConfiguration;
			buildSettings = {
				ALWAYS_SEARCH_USER_PATHS = NO;
				CLANG_ANALYZER_NONNULL = YES;
				CLANG_ANALYZER_NUMBER_OBJECT_CONVERSION = YES_AGGRESSIVE;
				CLANG_CXX_LANGUAGE_STANDARD = "gnu++0x";
				CLANG_CXX_LIBRARY = "libc++";
				CLANG_ENABLE_MODULES = YES;
				CLANG_ENABLE_OBJC_ARC = YES;
				CLANG_WARN_BOOL_CONVERSION = YES;
				CLANG_WARN_CONSTANT_CONVERSION = YES;
				CLANG_WARN_DIRECT_OBJC_ISA_USAGE = YES_ERROR;
				CLANG_WARN_DOCUMENTATION_COMMENTS = YES;
				CLANG_WARN_EMPTY_BODY = YES;
				CLANG_WARN_ENUM_CONVERSION = YES;
				CLANG_WARN_INFINITE_RECURSION = YES;
				CLANG_WARN_INT_CONVERSION = YES;
				CLANG_WARN_OBJC_ROOT_CLASS = YES_ERROR;
				CLANG_WARN_SUSPICIOUS_MOVE = YES;
				CLANG_WARN_UNREACHABLE_CODE = YES;
				CLANG_WARN__DUPLICATE_METHOD_MATCH = YES;
				"CODE_SIGN_IDENTITY[sdk=iphoneos*]" = "iPhone Developer";
				COPY_PHASE_STRIP = NO;
				DEBUG_INFORMATION_FORMAT = dwarf;
				ENABLE_STRICT_OBJC_MSGSEND = YES;
				ENABLE_TESTABILITY = YES;
				GCC_C_LANGUAGE_STANDARD = gnu99;
				GCC_DYNAMIC_NO_PIC = NO;
				GCC_NO_COMMON_BLOCKS = YES;
				GCC_OPTIMIZATION_LEVEL = 0;
				GCC_PREPROCESSOR_DEFINITIONS = (
					"DEBUG=1",
					"$(inherited)",
				);
				GCC_WARN_64_TO_32_BIT_CONVERSION = YES;
				GCC_WARN_ABOUT_RETURN_TYPE = YES_ERROR;
				GCC_WARN_UNDECLARED_SELECTOR = YES;
				GCC_WARN_UNINITIALIZED_AUTOS = YES_AGGRESSIVE;
				GCC_WARN_UNUSED_FUNCTION = YES;
				GCC_WARN_UNUSED_VARIABLE = YES;
				IPHONEOS_DEPLOYMENT_TARGET = 10.3;
				MTL_ENABLE_DEBUG_INFO = YES;
				ONLY_ACTIVE_ARCH = YES;
				SDKROOT = iphoneos;
				SWIFT_ACTIVE_COMPILATION_CONDITIONS = DEBUG;
				SWIFT_OPTIMIZATION_LEVEL = "-Onone";
			};
			name = Debug;
		};
		A338A0271EB35D2B00771F48 /* Release */ = {
			isa = XCBuildConfiguration;
			buildSettings = {
				ALWAYS_SEARCH_USER_PATHS = NO;
				CLANG_ANALYZER_NONNULL = YES;
				CLANG_ANALYZER_NUMBER_OBJECT_CONVERSION = YES_AGGRESSIVE;
				CLANG_CXX_LANGUAGE_STANDARD = "gnu++0x";
				CLANG_CXX_LIBRARY = "libc++";
				CLANG_ENABLE_MODULES = YES;
				CLANG_ENABLE_OBJC_ARC = YES;
				CLANG_WARN_BOOL_CONVERSION = YES;
				CLANG_WARN_CONSTANT_CONVERSION = YES;
				CLANG_WARN_DIRECT_OBJC_ISA_USAGE = YES_ERROR;
				CLANG_WARN_DOCUMENTATION_COMMENTS = YES;
				CLANG_WARN_EMPTY_BODY = YES;
				CLANG_WARN_ENUM_CONVERSION = YES;
				CLANG_WARN_INFINITE_RECURSION = YES;
				CLANG_WARN_INT_CONVERSION = YES;
				CLANG_WARN_OBJC_ROOT_CLASS = YES_ERROR;
				CLANG_WARN_SUSPICIOUS_MOVE = YES;
				CLANG_WARN_UNREACHABLE_CODE = YES;
				CLANG_WARN__DUPLICATE_METHOD_MATCH = YES;
				"CODE_SIGN_IDENTITY[sdk=iphoneos*]" = "iPhone Developer";
				COPY_PHASE_STRIP = NO;
				DEBUG_INFORMATION_FORMAT = "dwarf-with-dsym";
				ENABLE_NS_ASSERTIONS = NO;
				ENABLE_STRICT_OBJC_MSGSEND = YES;
				GCC_C_LANGUAGE_STANDARD = gnu99;
				GCC_NO_COMMON_BLOCKS = YES;
				GCC_WARN_64_TO_32_BIT_CONVERSION = YES;
				GCC_WARN_ABOUT_RETURN_TYPE = YES_ERROR;
				GCC_WARN_UNDECLARED_SELECTOR = YES;
				GCC_WARN_UNINITIALIZED_AUTOS = YES_AGGRESSIVE;
				GCC_WARN_UNUSED_FUNCTION = YES;
				GCC_WARN_UNUSED_VARIABLE = YES;
				IPHONEOS_DEPLOYMENT_TARGET = 10.3;
				MTL_ENABLE_DEBUG_INFO = NO;
				SDKROOT = iphoneos;
				SWIFT_OPTIMIZATION_LEVEL = "-Owholemodule";
				VALIDATE_PRODUCT = YES;
			};
			name = Release;
		};
		A338A0291EB35D2B00771F48 /* Debug */ = {
			isa = XCBuildConfiguration;
			baseConfigurationReference = BFE749F69C28B99484D6CF46 /* Pods-keisoku.debug.xcconfig */;
			buildSettings = {
				ASSETCATALOG_COMPILER_APPICON_NAME = AppIcon;
				DEVELOPMENT_TEAM = PLRTA5B4ZM;
				INFOPLIST_FILE = keisoku/Info.plist;
				IPHONEOS_DEPLOYMENT_TARGET = 10.3;
				LD_RUNPATH_SEARCH_PATHS = "$(inherited) @executable_path/Frameworks";
				PRODUCT_BUNDLE_IDENTIFIER = keisoku;
				PRODUCT_NAME = "$(TARGET_NAME)";
				SWIFT_VERSION = 3.0;
			};
			name = Debug;
		};
		A338A02A1EB35D2B00771F48 /* Release */ = {
			isa = XCBuildConfiguration;
			baseConfigurationReference = B3FC4BDB439D7988707B5363 /* Pods-keisoku.release.xcconfig */;
			buildSettings = {
				ASSETCATALOG_COMPILER_APPICON_NAME = AppIcon;
				DEVELOPMENT_TEAM = PLRTA5B4ZM;
				INFOPLIST_FILE = keisoku/Info.plist;
				IPHONEOS_DEPLOYMENT_TARGET = 10.3;
				LD_RUNPATH_SEARCH_PATHS = "$(inherited) @executable_path/Frameworks";
				PRODUCT_BUNDLE_IDENTIFIER = keisoku;
				PRODUCT_NAME = "$(TARGET_NAME)";
				SWIFT_VERSION = 3.0;
			};
			name = Release;
		};
/* End XCBuildConfiguration section */

/* Begin XCConfigurationList section */
		A338A0111EB35D2A00771F48 /* Build configuration list for PBXProject "keisoku" */ = {
			isa = XCConfigurationList;
			buildConfigurations = (
				A338A0261EB35D2B00771F48 /* Debug */,
				A338A0271EB35D2B00771F48 /* Release */,
			);
			defaultConfigurationIsVisible = 0;
			defaultConfigurationName = Release;
		};
		A338A0281EB35D2B00771F48 /* Build configuration list for PBXNativeTarget "keisoku" */ = {
			isa = XCConfigurationList;
			buildConfigurations = (
				A338A0291EB35D2B00771F48 /* Debug */,
				A338A02A1EB35D2B00771F48 /* Release */,
			);
			defaultConfigurationIsVisible = 0;
			defaultConfigurationName = Release;
		};
/* End XCConfigurationList section */
	};
	rootObject = A338A00E1EB35D2A00771F48 /* Project object */;
}
